
Microsoft Visual Studio Solution File, Format Version 12.00
# Visual Studio Version 17
VisualStudioVersion = 17.8.34330.188
MinimumVisualStudioVersion = 10.0.40219.1
Project("{FAE04EC0-301F-11D3-BF4B-00C04F79EFBC}") = "SqlServerConsole", "SqlServerConsole\SqlServerConsole.csproj", "{061F13EC-9872-459A-8533-DF6C19714C3D}"
EndProject
Global
	GlobalSection(SolutionConfigurationPlatforms) = preSolution
		Debug|Any CPU = Debug|Any CPU
		Release|Any CPU = Release|Any CPU
	EndGlobalSection
	GlobalSection(ProjectConfigurationPlatforms) = postSolution
		{061F13EC-9872-459A-8533-DF6C19714C3D}.Debug|Any CPU.ActiveCfg = Debug|Any CPU
		{061F13EC-9872-459A-8533-DF6C19714C3D}.Debug|Any CPU.Build.0 = Debug|Any CPU
		{061F13EC-9872-459A-8533-DF6C19714C3D}.Release|Any CPU.ActiveCfg = Release|Any CPU
		{061F13EC-9872-459A-8533-DF6C19714C3D}.Release|Any CPU.Build.0 = Release|Any CPU
	EndGlobalSection
	GlobalSection(SolutionProperties) = preSolution
		HideSolutionNode = FALSE
	EndGlobalSection
	GlobalSection(ExtensibilityGlobals) = postSolution
		SolutionGuid = {47E003F3-8546-4921-9CC7-2F2C7E04877F}
	EndGlobalSection
EndGlobal
