
Microsoft Visual Studio Solution File, Format Version 12.00
# Visual Studio Version 18
VisualStudioVersion = 18.1.11312.151
MinimumVisualStudioVersion = 10.0.40219.1
Project("{9A19103F-16F7-4668-BE54-9A1E7A4F7556}") = "DbLive", "DbLive\DbLive.csproj", "{A5ADAD33-E29F-4335-AFD9-027F42B784F2}"
EndProject
Project("{2150E333-8FDC-42A3-9474-1A3956D46DE8}") = "Demo", "Demo", "{DD98917C-07E2-4102-AAD1-3AD1E16C75E3}"
EndProject
Project("{9A19103F-16F7-4668-BE54-9A1E7A4F7556}") = "DbLive.Tests", "DbLive.Tests\DbLive.Tests.csproj", "{75B26220-82D6-4A7B-B30D-2BB13712A836}"
EndProject
Project("{9A19103F-16F7-4668-BE54-9A1E7A4F7556}") = "DbLive.MSSQL", "DbLive.MSSQL\DbLive.MSSQL.csproj", "{6490DFAA-F5A3-43CA-8A2C-7B752642B5B7}"
EndProject
Project("{9A19103F-16F7-4668-BE54-9A1E7A4F7556}") = "DbLive.Console", "DbLive.Console\DbLive.Console.csproj", "{3C2AADD3-CA5A-4701-AC1F-7424139C3907}"
EndProject
Project("{9A19103F-16F7-4668-BE54-9A1E7A4F7556}") = "DbLive.PostgreSQL", "DbLive.PostgreSQL\DbLive.PostgreSQL.csproj", "{9A082A43-807C-4328-AE6E-70683CC7D45E}"
EndProject
Project("{9A19103F-16F7-4668-BE54-9A1E7A4F7556}") = "DbLive.Tests.Common", "DbLive.Tests.Common\DbLive.Tests.Common.csproj", "{3B2BCC52-31DB-4456-9F7D-EBAEC4B09709}"
EndProject
Project("{2150E333-8FDC-42A3-9474-1A3956D46DE8}") = "Tests", "Tests", "{376B4355-689E-4585-9E27-C3E79F945023}"
EndProject
Project("{9A19103F-16F7-4668-BE54-9A1E7A4F7556}") = "DbLive.MSSQL.Tests", "DbLive.MSSQL.Tests\DbLive.MSSQL.Tests.csproj", "{6BEB82F8-952C-4E99-9623-427BAECA28C5}"
EndProject
Project("{9A19103F-16F7-4668-BE54-9A1E7A4F7556}") = "DbLive.PostgreSQL.Tests", "DbLive.PostgreSQL.Tests\DbLive.PostgreSQL.Tests.csproj", "{78D763D8-3FE3-4283-961E-8124154745BE}"
EndProject
Project("{2150E333-8FDC-42A3-9474-1A3956D46DE8}") = "Solution Items", "Solution Items", "{DBC8694E-701B-4E4E-A99C-CE85134BC45A}"
	ProjectSection(SolutionItems) = preProject
		.editorconfig = .editorconfig
		dblive-icon.png = dblive-icon.png
		Directory.Build.props = Directory.Build.props
		Directory.Packages.props = Directory.Packages.props
		nuget.config = nuget.config
		readme.md = readme.md
	EndProjectSection
EndProject
Project("{9A19103F-16F7-4668-BE54-9A1E7A4F7556}") = "DemoMSSQL", "Demo\DemoMSSQL\DemoMSSQL.csproj", "{EB7B4B44-4D5A-4B6C-9C53-5365CFD8F48F}"
EndProject
Project("{9A19103F-16F7-4668-BE54-9A1E7A4F7556}") = "DemoMSSQL.Tests", "Demo\DemoMSSQL.Tests\DemoMSSQL.Tests.csproj", "{8DEABF5A-1B0F-40EE-84D1-3D95E7784BD9}"
EndProject
Project("{9A19103F-16F7-4668-BE54-9A1E7A4F7556}") = "DbLive.xunit", "DbLive.xunit\DbLive.xunit.csproj", "{72CCD431-3D05-4F2F-93F6-F9BCD613D435}"
EndProject
Project("{FAE04EC0-301F-11D3-BF4B-00C04F79EFBC}") = "AdventureWorks.Database", "Demo\AdventureWorks\AdventureWorks.Database\AdventureWorks.Database.csproj", "{1C4F3B32-0A90-B562-3138-CED61A03BF9E}"
EndProject
Project("{FAE04EC0-301F-11D3-BF4B-00C04F79EFBC}") = "AdventureWorks.Tests", "Demo\AdventureWorks\AdventureWorks.Tests\AdventureWorks.Tests.csproj", "{DCD7799A-1034-36CF-FE0C-CA076CC71815}"
EndProject
Project("{FAE04EC0-301F-11D3-BF4B-00C04F79EFBC}") = "DemoMSSQLEmpty", "Demo\DemoMSSQLEmpty\DemoMSSQLEmpty.csproj", "{63D9A9C5-E2EF-4298-8D60-B888613FC0F2}"
EndProject
Project("{FAE04EC0-301F-11D3-BF4B-00C04F79EFBC}") = "Demo.PostgreSQL.Chinook", "Demo\Demo.PostgreSQL.Chinook\Demo.PostgreSQL.Chinook.csproj", "{775C4F2D-37B7-4ED6-BE00-198614D1D201}"
EndProject
Project("{FAE04EC0-301F-11D3-BF4B-00C04F79EFBC}") = "Demo.PostgreSQL.Chinook.Tests", "Demo\Demo.PostgreSQL.Chinook.Tests\Demo.PostgreSQL.Chinook.Tests.csproj", "{35D97DC9-4215-4907-A016-F33A4A0B5C52}"
EndProject
Global
	GlobalSection(SolutionConfigurationPlatforms) = preSolution
		Debug|Any CPU = Debug|Any CPU
		Release|Any CPU = Release|Any CPU
	EndGlobalSection
	GlobalSection(ProjectConfigurationPlatforms) = postSolution
		{A5ADAD33-E29F-4335-AFD9-027F42B784F2}.Debug|Any CPU.ActiveCfg = Debug|Any CPU
		{A5ADAD33-E29F-4335-AFD9-027F42B784F2}.Debug|Any CPU.Build.0 = Debug|Any CPU
		{A5ADAD33-E29F-4335-AFD9-027F42B784F2}.Release|Any CPU.ActiveCfg = Release|Any CPU
		{A5ADAD33-E29F-4335-AFD9-027F42B784F2}.Release|Any CPU.Build.0 = Release|Any CPU
		{75B26220-82D6-4A7B-B30D-2BB13712A836}.Debug|Any CPU.ActiveCfg = Debug|Any CPU
		{75B26220-82D6-4A7B-B30D-2BB13712A836}.Debug|Any CPU.Build.0 = Debug|Any CPU
		{75B26220-82D6-4A7B-B30D-2BB13712A836}.Release|Any CPU.ActiveCfg = Release|Any CPU
		{75B26220-82D6-4A7B-B30D-2BB13712A836}.Release|Any CPU.Build.0 = Release|Any CPU
		{6490DFAA-F5A3-43CA-8A2C-7B752642B5B7}.Debug|Any CPU.ActiveCfg = Debug|Any CPU
		{6490DFAA-F5A3-43CA-8A2C-7B752642B5B7}.Debug|Any CPU.Build.0 = Debug|Any CPU
		{6490DFAA-F5A3-43CA-8A2C-7B752642B5B7}.Release|Any CPU.ActiveCfg = Release|Any CPU
		{6490DFAA-F5A3-43CA-8A2C-7B752642B5B7}.Release|Any CPU.Build.0 = Release|Any CPU
		{3C2AADD3-CA5A-4701-AC1F-7424139C3907}.Debug|Any CPU.ActiveCfg = Debug|Any CPU
		{3C2AADD3-CA5A-4701-AC1F-7424139C3907}.Debug|Any CPU.Build.0 = Debug|Any CPU
		{3C2AADD3-CA5A-4701-AC1F-7424139C3907}.Release|Any CPU.ActiveCfg = Release|Any CPU
		{3C2AADD3-CA5A-4701-AC1F-7424139C3907}.Release|Any CPU.Build.0 = Release|Any CPU
		{9A082A43-807C-4328-AE6E-70683CC7D45E}.Debug|Any CPU.ActiveCfg = Debug|Any CPU
		{9A082A43-807C-4328-AE6E-70683CC7D45E}.Debug|Any CPU.Build.0 = Debug|Any CPU
		{9A082A43-807C-4328-AE6E-70683CC7D45E}.Release|Any CPU.ActiveCfg = Release|Any CPU
		{9A082A43-807C-4328-AE6E-70683CC7D45E}.Release|Any CPU.Build.0 = Release|Any CPU
		{3B2BCC52-31DB-4456-9F7D-EBAEC4B09709}.Debug|Any CPU.ActiveCfg = Debug|Any CPU
		{3B2BCC52-31DB-4456-9F7D-EBAEC4B09709}.Debug|Any CPU.Build.0 = Debug|Any CPU
		{3B2BCC52-31DB-4456-9F7D-EBAEC4B09709}.Release|Any CPU.ActiveCfg = Release|Any CPU
		{3B2BCC52-31DB-4456-9F7D-EBAEC4B09709}.Release|Any CPU.Build.0 = Release|Any CPU
		{6BEB82F8-952C-4E99-9623-427BAECA28C5}.Debug|Any CPU.ActiveCfg = Debug|Any CPU
		{6BEB82F8-952C-4E99-9623-427BAECA28C5}.Debug|Any CPU.Build.0 = Debug|Any CPU
		{6BEB82F8-952C-4E99-9623-427BAECA28C5}.Release|Any CPU.ActiveCfg = Release|Any CPU
		{6BEB82F8-952C-4E99-9623-427BAECA28C5}.Release|Any CPU.Build.0 = Release|Any CPU
		{78D763D8-3FE3-4283-961E-8124154745BE}.Debug|Any CPU.ActiveCfg = Debug|Any CPU
		{78D763D8-3FE3-4283-961E-8124154745BE}.Debug|Any CPU.Build.0 = Debug|Any CPU
		{78D763D8-3FE3-4283-961E-8124154745BE}.Release|Any CPU.ActiveCfg = Release|Any CPU
		{78D763D8-3FE3-4283-961E-8124154745BE}.Release|Any CPU.Build.0 = Release|Any CPU
		{EB7B4B44-4D5A-4B6C-9C53-5365CFD8F48F}.Debug|Any CPU.ActiveCfg = Debug|Any CPU
		{EB7B4B44-4D5A-4B6C-9C53-5365CFD8F48F}.Debug|Any CPU.Build.0 = Debug|Any CPU
		{EB7B4B44-4D5A-4B6C-9C53-5365CFD8F48F}.Release|Any CPU.ActiveCfg = Release|Any CPU
		{EB7B4B44-4D5A-4B6C-9C53-5365CFD8F48F}.Release|Any CPU.Build.0 = Release|Any CPU
		{8DEABF5A-1B0F-40EE-84D1-3D95E7784BD9}.Debug|Any CPU.ActiveCfg = Debug|Any CPU
		{8DEABF5A-1B0F-40EE-84D1-3D95E7784BD9}.Debug|Any CPU.Build.0 = Debug|Any CPU
		{8DEABF5A-1B0F-40EE-84D1-3D95E7784BD9}.Release|Any CPU.ActiveCfg = Release|Any CPU
		{8DEABF5A-1B0F-40EE-84D1-3D95E7784BD9}.Release|Any CPU.Build.0 = Release|Any CPU
		{72CCD431-3D05-4F2F-93F6-F9BCD613D435}.Debug|Any CPU.ActiveCfg = Debug|Any CPU
		{72CCD431-3D05-4F2F-93F6-F9BCD613D435}.Debug|Any CPU.Build.0 = Debug|Any CPU
		{72CCD431-3D05-4F2F-93F6-F9BCD613D435}.Release|Any CPU.ActiveCfg = Release|Any CPU
		{72CCD431-3D05-4F2F-93F6-F9BCD613D435}.Release|Any CPU.Build.0 = Release|Any CPU
		{1C4F3B32-0A90-B562-3138-CED61A03BF9E}.Debug|Any CPU.ActiveCfg = Debug|Any CPU
		{1C4F3B32-0A90-B562-3138-CED61A03BF9E}.Debug|Any CPU.Build.0 = Debug|Any CPU
		{1C4F3B32-0A90-B562-3138-CED61A03BF9E}.Release|Any CPU.ActiveCfg = Release|Any CPU
		{1C4F3B32-0A90-B562-3138-CED61A03BF9E}.Release|Any CPU.Build.0 = Release|Any CPU
		{DCD7799A-1034-36CF-FE0C-CA076CC71815}.Debug|Any CPU.ActiveCfg = Debug|Any CPU
		{DCD7799A-1034-36CF-FE0C-CA076CC71815}.Debug|Any CPU.Build.0 = Debug|Any CPU
		{DCD7799A-1034-36CF-FE0C-CA076CC71815}.Release|Any CPU.ActiveCfg = Release|Any CPU
		{DCD7799A-1034-36CF-FE0C-CA076CC71815}.Release|Any CPU.Build.0 = Release|Any CPU
		{63D9A9C5-E2EF-4298-8D60-B888613FC0F2}.Debug|Any CPU.ActiveCfg = Debug|Any CPU
		{63D9A9C5-E2EF-4298-8D60-B888613FC0F2}.Debug|Any CPU.Build.0 = Debug|Any CPU
		{63D9A9C5-E2EF-4298-8D60-B888613FC0F2}.Release|Any CPU.ActiveCfg = Release|Any CPU
		{63D9A9C5-E2EF-4298-8D60-B888613FC0F2}.Release|Any CPU.Build.0 = Release|Any CPU
		{775C4F2D-37B7-4ED6-BE00-198614D1D201}.Debug|Any CPU.ActiveCfg = Debug|Any CPU
		{775C4F2D-37B7-4ED6-BE00-198614D1D201}.Debug|Any CPU.Build.0 = Debug|Any CPU
		{775C4F2D-37B7-4ED6-BE00-198614D1D201}.Release|Any CPU.ActiveCfg = Release|Any CPU
		{775C4F2D-37B7-4ED6-BE00-198614D1D201}.Release|Any CPU.Build.0 = Release|Any CPU
		{35D97DC9-4215-4907-A016-F33A4A0B5C52}.Debug|Any CPU.ActiveCfg = Debug|Any CPU
		{35D97DC9-4215-4907-A016-F33A4A0B5C52}.Debug|Any CPU.Build.0 = Debug|Any CPU
		{35D97DC9-4215-4907-A016-F33A4A0B5C52}.Release|Any CPU.ActiveCfg = Release|Any CPU
		{35D97DC9-4215-4907-A016-F33A4A0B5C52}.Release|Any CPU.Build.0 = Release|Any CPU
	EndGlobalSection
	GlobalSection(SolutionProperties) = preSolution
		HideSolutionNode = FALSE
	EndGlobalSection
	GlobalSection(NestedProjects) = preSolution
		{75B26220-82D6-4A7B-B30D-2BB13712A836} = {376B4355-689E-4585-9E27-C3E79F945023}
		{3B2BCC52-31DB-4456-9F7D-EBAEC4B09709} = {376B4355-689E-4585-9E27-C3E79F945023}
		{6BEB82F8-952C-4E99-9623-427BAECA28C5} = {376B4355-689E-4585-9E27-C3E79F945023}
		{78D763D8-3FE3-4283-961E-8124154745BE} = {376B4355-689E-4585-9E27-C3E79F945023}
		{EB7B4B44-4D5A-4B6C-9C53-5365CFD8F48F} = {DD98917C-07E2-4102-AAD1-3AD1E16C75E3}
		{8DEABF5A-1B0F-40EE-84D1-3D95E7784BD9} = {DD98917C-07E2-4102-AAD1-3AD1E16C75E3}
		{1C4F3B32-0A90-B562-3138-CED61A03BF9E} = {DD98917C-07E2-4102-AAD1-3AD1E16C75E3}
		{DCD7799A-1034-36CF-FE0C-CA076CC71815} = {DD98917C-07E2-4102-AAD1-3AD1E16C75E3}
		{63D9A9C5-E2EF-4298-8D60-B888613FC0F2} = {DD98917C-07E2-4102-AAD1-3AD1E16C75E3}
		{775C4F2D-37B7-4ED6-BE00-198614D1D201} = {DD98917C-07E2-4102-AAD1-3AD1E16C75E3}
		{35D97DC9-4215-4907-A016-F33A4A0B5C52} = {DD98917C-07E2-4102-AAD1-3AD1E16C75E3}
	EndGlobalSection
	GlobalSection(ExtensibilityGlobals) = postSolution
		SolutionGuid = {3BEF8A41-AC0C-4AC0-BADB-6AD40534D8A2}
	EndGlobalSection
EndGlobal
