
Microsoft Visual Studio Solution File, Format Version 12.00
# Visual Studio Version 17
VisualStudioVersion = 17.6.33829.357
MinimumVisualStudioVersion = 10.0.40219.1
Project("{9A19103F-16F7-4668-BE54-9A1E7A4F7556}") = "EasyFlow", "EasyFlow\EasyFlow.csproj", "{A5ADAD33-E29F-4335-AFD9-027F42B784F2}"
EndProject
Project("{2150E333-8FDC-42A3-9474-1A3956D46DE8}") = "TestProjects", "TestProjects", "{DD98917C-07E2-4102-AAD1-3AD1E16C75E3}"
EndProject
Project("{9A19103F-16F7-4668-BE54-9A1E7A4F7556}") = "EasyFlow.Tests", "EasyFlow.Tests\EasyFlow.Tests.csproj", "{75B26220-82D6-4A7B-B30D-2BB13712A836}"
EndProject
Project("{9A19103F-16F7-4668-BE54-9A1E7A4F7556}") = "EasyFlow.Adapter.MSSQL", "EasyFlow.Adapter.MSSQL\EasyFlow.Adapter.MSSQL.csproj", "{6490DFAA-F5A3-43CA-8A2C-7B752642B5B7}"
EndProject
Project("{9A19103F-16F7-4668-BE54-9A1E7A4F7556}") = "EasyFlow.Console", "EasyFlow.Console\EasyFlow.Console.csproj", "{3C2AADD3-CA5A-4701-AC1F-7424139C3907}"
EndProject
Project("{9A19103F-16F7-4668-BE54-9A1E7A4F7556}") = "EasyFlow.Project", "EasyFlow.Project\EasyFlow.Project.csproj", "{E2046CB8-824E-4CFE-8F24-2D8251A02C62}"
EndProject
Project("{9A19103F-16F7-4668-BE54-9A1E7A4F7556}") = "EasyFlow.Project.Tests", "EasyFlow.Project.Tests\EasyFlow.Project.Tests.csproj", "{B0BDF4EE-47C9-4034-876E-3B23DE870C79}"
EndProject
Project("{9A19103F-16F7-4668-BE54-9A1E7A4F7556}") = "EasyFlow.Adapter.Tests", "EasyFlow.Adapter.Tests\EasyFlow.Adapter.Tests.csproj", "{D2C7D36A-3CF2-4E01-86E8-5AEEAA860A06}"
EndProject
Project("{9A19103F-16F7-4668-BE54-9A1E7A4F7556}") = "EasyFlow.Adapter.PostgreSQL", "EasyFlow.Adapter.PostgreSQL\EasyFlow.Adapter.PostgreSQL.csproj", "{9A082A43-807C-4328-AE6E-70683CC7D45E}"
EndProject
Project("{9A19103F-16F7-4668-BE54-9A1E7A4F7556}") = "EasyFlow.Adapter.Interface", "EasyFlow.Adapter.Interface\EasyFlow.Adapter.Interface.csproj", "{BB23AF8A-E703-44BB-BAFF-11019CED34B9}"
EndProject
Project("{9A19103F-16F7-4668-BE54-9A1E7A4F7556}") = "EasyFlow.Tests.Common", "EasyFlow.Tests.Common\EasyFlow.Tests.Common.csproj", "{3B2BCC52-31DB-4456-9F7D-EBAEC4B09709}"
EndProject
Project("{2150E333-8FDC-42A3-9474-1A3956D46DE8}") = "Tests", "Tests", "{376B4355-689E-4585-9E27-C3E79F945023}"
EndProject
Project("{9A19103F-16F7-4668-BE54-9A1E7A4F7556}") = "EasyFlow.Project.Settings", "EasyFlow.Project.Settings\EasyFlow.Project.Settings.csproj", "{3D299DBC-4FA2-4750-B514-81F3235A00F0}"
EndProject
Project("{9A19103F-16F7-4668-BE54-9A1E7A4F7556}") = "TestProject_MSSQL", "TestProjects\TestProject_MSSQL\TestProject_MSSQL.csproj", "{88D043EE-D372-4109-961F-F9E5762B808E}"
EndProject
Project("{9A19103F-16F7-4668-BE54-9A1E7A4F7556}") = "TestProject1", "TestProject1\TestProject1.csproj", "{432DDF45-8516-4FB4-9ACF-5E8ACD75DBC0}"
EndProject
Project("{9A19103F-16F7-4668-BE54-9A1E7A4F7556}") = "EasyFlow.Common", "EasyFlow.Common\EasyFlow.Common.csproj", "{3B8460EA-02F2-4400-B276-F1CA4E8F4A8B}"
EndProject
Global
	GlobalSection(SolutionConfigurationPlatforms) = preSolution
		Debug|Any CPU = Debug|Any CPU
		Release|Any CPU = Release|Any CPU
	EndGlobalSection
	GlobalSection(ProjectConfigurationPlatforms) = postSolution
		{A5ADAD33-E29F-4335-AFD9-027F42B784F2}.Debug|Any CPU.ActiveCfg = Debug|Any CPU
		{A5ADAD33-E29F-4335-AFD9-027F42B784F2}.Debug|Any CPU.Build.0 = Debug|Any CPU
		{A5ADAD33-E29F-4335-AFD9-027F42B784F2}.Release|Any CPU.ActiveCfg = Release|Any CPU
		{A5ADAD33-E29F-4335-AFD9-027F42B784F2}.Release|Any CPU.Build.0 = Release|Any CPU
		{75B26220-82D6-4A7B-B30D-2BB13712A836}.Debug|Any CPU.ActiveCfg = Debug|Any CPU
		{75B26220-82D6-4A7B-B30D-2BB13712A836}.Debug|Any CPU.Build.0 = Debug|Any CPU
		{75B26220-82D6-4A7B-B30D-2BB13712A836}.Release|Any CPU.ActiveCfg = Release|Any CPU
		{75B26220-82D6-4A7B-B30D-2BB13712A836}.Release|Any CPU.Build.0 = Release|Any CPU
		{6490DFAA-F5A3-43CA-8A2C-7B752642B5B7}.Debug|Any CPU.ActiveCfg = Debug|Any CPU
		{6490DFAA-F5A3-43CA-8A2C-7B752642B5B7}.Debug|Any CPU.Build.0 = Debug|Any CPU
		{6490DFAA-F5A3-43CA-8A2C-7B752642B5B7}.Release|Any CPU.ActiveCfg = Release|Any CPU
		{6490DFAA-F5A3-43CA-8A2C-7B752642B5B7}.Release|Any CPU.Build.0 = Release|Any CPU
		{3C2AADD3-CA5A-4701-AC1F-7424139C3907}.Debug|Any CPU.ActiveCfg = Debug|Any CPU
		{3C2AADD3-CA5A-4701-AC1F-7424139C3907}.Debug|Any CPU.Build.0 = Debug|Any CPU
		{3C2AADD3-CA5A-4701-AC1F-7424139C3907}.Release|Any CPU.ActiveCfg = Release|Any CPU
		{3C2AADD3-CA5A-4701-AC1F-7424139C3907}.Release|Any CPU.Build.0 = Release|Any CPU
		{E2046CB8-824E-4CFE-8F24-2D8251A02C62}.Debug|Any CPU.ActiveCfg = Debug|Any CPU
		{E2046CB8-824E-4CFE-8F24-2D8251A02C62}.Debug|Any CPU.Build.0 = Debug|Any CPU
		{E2046CB8-824E-4CFE-8F24-2D8251A02C62}.Release|Any CPU.ActiveCfg = Release|Any CPU
		{E2046CB8-824E-4CFE-8F24-2D8251A02C62}.Release|Any CPU.Build.0 = Release|Any CPU
		{B0BDF4EE-47C9-4034-876E-3B23DE870C79}.Debug|Any CPU.ActiveCfg = Debug|Any CPU
		{B0BDF4EE-47C9-4034-876E-3B23DE870C79}.Debug|Any CPU.Build.0 = Debug|Any CPU
		{B0BDF4EE-47C9-4034-876E-3B23DE870C79}.Release|Any CPU.ActiveCfg = Release|Any CPU
		{B0BDF4EE-47C9-4034-876E-3B23DE870C79}.Release|Any CPU.Build.0 = Release|Any CPU
		{D2C7D36A-3CF2-4E01-86E8-5AEEAA860A06}.Debug|Any CPU.ActiveCfg = Debug|Any CPU
		{D2C7D36A-3CF2-4E01-86E8-5AEEAA860A06}.Debug|Any CPU.Build.0 = Debug|Any CPU
		{D2C7D36A-3CF2-4E01-86E8-5AEEAA860A06}.Release|Any CPU.ActiveCfg = Release|Any CPU
		{D2C7D36A-3CF2-4E01-86E8-5AEEAA860A06}.Release|Any CPU.Build.0 = Release|Any CPU
		{9A082A43-807C-4328-AE6E-70683CC7D45E}.Debug|Any CPU.ActiveCfg = Debug|Any CPU
		{9A082A43-807C-4328-AE6E-70683CC7D45E}.Debug|Any CPU.Build.0 = Debug|Any CPU
		{9A082A43-807C-4328-AE6E-70683CC7D45E}.Release|Any CPU.ActiveCfg = Release|Any CPU
		{9A082A43-807C-4328-AE6E-70683CC7D45E}.Release|Any CPU.Build.0 = Release|Any CPU
		{BB23AF8A-E703-44BB-BAFF-11019CED34B9}.Debug|Any CPU.ActiveCfg = Debug|Any CPU
		{BB23AF8A-E703-44BB-BAFF-11019CED34B9}.Debug|Any CPU.Build.0 = Debug|Any CPU
		{BB23AF8A-E703-44BB-BAFF-11019CED34B9}.Release|Any CPU.ActiveCfg = Release|Any CPU
		{BB23AF8A-E703-44BB-BAFF-11019CED34B9}.Release|Any CPU.Build.0 = Release|Any CPU
		{3B2BCC52-31DB-4456-9F7D-EBAEC4B09709}.Debug|Any CPU.ActiveCfg = Debug|Any CPU
		{3B2BCC52-31DB-4456-9F7D-EBAEC4B09709}.Debug|Any CPU.Build.0 = Debug|Any CPU
		{3B2BCC52-31DB-4456-9F7D-EBAEC4B09709}.Release|Any CPU.ActiveCfg = Release|Any CPU
		{3B2BCC52-31DB-4456-9F7D-EBAEC4B09709}.Release|Any CPU.Build.0 = Release|Any CPU
		{3D299DBC-4FA2-4750-B514-81F3235A00F0}.Debug|Any CPU.ActiveCfg = Debug|Any CPU
		{3D299DBC-4FA2-4750-B514-81F3235A00F0}.Debug|Any CPU.Build.0 = Debug|Any CPU
		{3D299DBC-4FA2-4750-B514-81F3235A00F0}.Release|Any CPU.ActiveCfg = Release|Any CPU
		{3D299DBC-4FA2-4750-B514-81F3235A00F0}.Release|Any CPU.Build.0 = Release|Any CPU
		{88D043EE-D372-4109-961F-F9E5762B808E}.Debug|Any CPU.ActiveCfg = Debug|Any CPU
		{88D043EE-D372-4109-961F-F9E5762B808E}.Debug|Any CPU.Build.0 = Debug|Any CPU
		{88D043EE-D372-4109-961F-F9E5762B808E}.Release|Any CPU.ActiveCfg = Release|Any CPU
		{88D043EE-D372-4109-961F-F9E5762B808E}.Release|Any CPU.Build.0 = Release|Any CPU
		{432DDF45-8516-4FB4-9ACF-5E8ACD75DBC0}.Debug|Any CPU.ActiveCfg = Debug|Any CPU
		{432DDF45-8516-4FB4-9ACF-5E8ACD75DBC0}.Debug|Any CPU.Build.0 = Debug|Any CPU
		{432DDF45-8516-4FB4-9ACF-5E8ACD75DBC0}.Release|Any CPU.ActiveCfg = Release|Any CPU
		{432DDF45-8516-4FB4-9ACF-5E8ACD75DBC0}.Release|Any CPU.Build.0 = Release|Any CPU
		{3B8460EA-02F2-4400-B276-F1CA4E8F4A8B}.Debug|Any CPU.ActiveCfg = Debug|Any CPU
		{3B8460EA-02F2-4400-B276-F1CA4E8F4A8B}.Debug|Any CPU.Build.0 = Debug|Any CPU
		{3B8460EA-02F2-4400-B276-F1CA4E8F4A8B}.Release|Any CPU.ActiveCfg = Release|Any CPU
		{3B8460EA-02F2-4400-B276-F1CA4E8F4A8B}.Release|Any CPU.Build.0 = Release|Any CPU
	EndGlobalSection
	GlobalSection(SolutionProperties) = preSolution
		HideSolutionNode = FALSE
	EndGlobalSection
	GlobalSection(NestedProjects) = preSolution
		{75B26220-82D6-4A7B-B30D-2BB13712A836} = {376B4355-689E-4585-9E27-C3E79F945023}
		{B0BDF4EE-47C9-4034-876E-3B23DE870C79} = {376B4355-689E-4585-9E27-C3E79F945023}
		{D2C7D36A-3CF2-4E01-86E8-5AEEAA860A06} = {376B4355-689E-4585-9E27-C3E79F945023}
		{3B2BCC52-31DB-4456-9F7D-EBAEC4B09709} = {376B4355-689E-4585-9E27-C3E79F945023}
		{88D043EE-D372-4109-961F-F9E5762B808E} = {DD98917C-07E2-4102-AAD1-3AD1E16C75E3}
		{432DDF45-8516-4FB4-9ACF-5E8ACD75DBC0} = {376B4355-689E-4585-9E27-C3E79F945023}
	EndGlobalSection
	GlobalSection(ExtensibilityGlobals) = postSolution
		SolutionGuid = {3BEF8A41-AC0C-4AC0-BADB-6AD40534D8A2}
	EndGlobalSection
EndGlobal
